
Microsoft Visual Studio Solution File, Format Version 12.00
# Visual Studio Version 17
VisualStudioVersion = 17.1.32421.90
MinimumVisualStudioVersion = 10.0.40219.1
Project("{FAE04EC0-301F-11D3-BF4B-00C04F79EFBC}") = "InputControlSample", "InputControlSample\InputControlSample.csproj", "{032FC5BC-2D30-47FD-8924-4D1B19DFE73F}"
EndProject
Global
	GlobalSection(SolutionConfigurationPlatforms) = preSolution
		Debug|Any CPU = Debug|Any CPU
		Release|Any CPU = Release|Any CPU
	EndGlobalSection
	GlobalSection(ProjectConfigurationPlatforms) = postSolution
		{032FC5BC-2D30-47FD-8924-4D1B19DFE73F}.Debug|Any CPU.ActiveCfg = Debug|Any CPU
		{032FC5BC-2D30-47FD-8924-4D1B19DFE73F}.Debug|Any CPU.Build.0 = Debug|Any CPU
		{032FC5BC-2D30-47FD-8924-4D1B19DFE73F}.Release|Any CPU.ActiveCfg = Release|Any CPU
		{032FC5BC-2D30-47FD-8924-4D1B19DFE73F}.Release|Any CPU.Build.0 = Release|Any CPU
	EndGlobalSection
	GlobalSection(SolutionProperties) = preSolution
		HideSolutionNode = FALSE
	EndGlobalSection
	GlobalSection(ExtensibilityGlobals) = postSolution
		SolutionGuid = {1C9BF4DD-5C22-47A8-9775-E88F04E71CFC}
	EndGlobalSection
EndGlobal
